
Microsoft Visual Studio Solution File, Format Version 11.00
# Visual Studio 2010
# SharpDevelop 4.4
Project("{FAE04EC0-301F-11D3-BF4B-00C04F79EFBC}") = "GbcDemo", "GbcDemo\GbcDemo.csproj", "{0C63AB47-2095-4C91-BDBE-BE3EC1A5955E}"
EndProject
Global
	GlobalSection(SolutionConfigurationPlatforms) = preSolution
		Debug|Any CPU = Debug|Any CPU
		Release|Any CPU = Release|Any CPU
	EndGlobalSection
	GlobalSection(ProjectConfigurationPlatforms) = postSolution
		{0C63AB47-2095-4C91-BDBE-BE3EC1A5955E}.Debug|Any CPU.Build.0 = Debug|Any CPU
		{0C63AB47-2095-4C91-BDBE-BE3EC1A5955E}.Debug|Any CPU.ActiveCfg = Debug|Any CPU
		{0C63AB47-2095-4C91-BDBE-BE3EC1A5955E}.Release|Any CPU.Build.0 = Release|Any CPU
		{0C63AB47-2095-4C91-BDBE-BE3EC1A5955E}.Release|Any CPU.ActiveCfg = Release|Any CPU
	EndGlobalSection
EndGlobal
